
Microsoft Visual Studio Solution File, Format Version 12.00
# Visual Studio Version 17
VisualStudioVersion = 17.13.35828.75 d17.13
MinimumVisualStudioVersion = 10.0.40219.1
Project("{FAE04EC0-301F-11D3-BF4B-00C04F79EFBC}") = "CryptoTrading", "CryptoTrading\CryptoTrading.csproj", "{7011BED7-184F-44D7-AB50-97F0F14DD938}"
EndProject
Project("{FAE04EC0-301F-11D3-BF4B-00C04F79EFBC}") = "CryptoTrading.DataContext", "CryptoTrading.DataContext\CryptoTrading.DataContext.csproj", "{74671FEE-CA33-47CD-A445-0B9ABA147F4D}"
EndProject
Project("{FAE04EC0-301F-11D3-BF4B-00C04F79EFBC}") = "CryptoTrading.Services", "CryptoTrading.Services\CryptoTrading.Services.csproj", "{530161DB-896D-43BD-89E4-E831ED9DD02D}"
EndProject
Global
	GlobalSection(SolutionConfigurationPlatforms) = preSolution
		Debug|Any CPU = Debug|Any CPU
		Release|Any CPU = Release|Any CPU
	EndGlobalSection
	GlobalSection(ProjectConfigurationPlatforms) = postSolution
		{7011BED7-184F-44D7-AB50-97F0F14DD938}.Debug|Any CPU.ActiveCfg = Debug|Any CPU
		{7011BED7-184F-44D7-AB50-97F0F14DD938}.Debug|Any CPU.Build.0 = Debug|Any CPU
		{7011BED7-184F-44D7-AB50-97F0F14DD938}.Release|Any CPU.ActiveCfg = Release|Any CPU
		{7011BED7-184F-44D7-AB50-97F0F14DD938}.Release|Any CPU.Build.0 = Release|Any CPU
		{74671FEE-CA33-47CD-A445-0B9ABA147F4D}.Debug|Any CPU.ActiveCfg = Debug|Any CPU
		{74671FEE-CA33-47CD-A445-0B9ABA147F4D}.Debug|Any CPU.Build.0 = Debug|Any CPU
		{74671FEE-CA33-47CD-A445-0B9ABA147F4D}.Release|Any CPU.ActiveCfg = Release|Any CPU
		{74671FEE-CA33-47CD-A445-0B9ABA147F4D}.Release|Any CPU.Build.0 = Release|Any CPU
		{530161DB-896D-43BD-89E4-E831ED9DD02D}.Debug|Any CPU.ActiveCfg = Debug|Any CPU
		{530161DB-896D-43BD-89E4-E831ED9DD02D}.Debug|Any CPU.Build.0 = Debug|Any CPU
		{530161DB-896D-43BD-89E4-E831ED9DD02D}.Release|Any CPU.ActiveCfg = Release|Any CPU
		{530161DB-896D-43BD-89E4-E831ED9DD02D}.Release|Any CPU.Build.0 = Release|Any CPU
	EndGlobalSection
	GlobalSection(SolutionProperties) = preSolution
		HideSolutionNode = FALSE
	EndGlobalSection
	GlobalSection(ExtensibilityGlobals) = postSolution
		SolutionGuid = {1993404B-7819-4DEE-BB84-49152D83C6FD}
	EndGlobalSection
EndGlobal
